
Microsoft Visual Studio Solution File, Format Version 12.00
# Visual Studio Version 17
VisualStudioVersion = 17.5.002.0
MinimumVisualStudioVersion = 10.0.40219.1
Project("{9A19103F-16F7-4668-BE54-9A1E7A4F7556}") = "Development-6", "Development-6.csproj", "{8B4BA3FD-C66D-40C4-B656-C15568ACEEBC}"
EndProject
Global
	GlobalSection(SolutionConfigurationPlatforms) = preSolution
		Debug|Any CPU = Debug|Any CPU
		Release|Any CPU = Release|Any CPU
	EndGlobalSection
	GlobalSection(ProjectConfigurationPlatforms) = postSolution
		{8B4BA3FD-C66D-40C4-B656-C15568ACEEBC}.Debug|Any CPU.ActiveCfg = Debug|Any CPU
		{8B4BA3FD-C66D-40C4-B656-C15568ACEEBC}.Debug|Any CPU.Build.0 = Debug|Any CPU
		{8B4BA3FD-C66D-40C4-B656-C15568ACEEBC}.Release|Any CPU.ActiveCfg = Release|Any CPU
		{8B4BA3FD-C66D-40C4-B656-C15568ACEEBC}.Release|Any CPU.Build.0 = Release|Any CPU
	EndGlobalSection
	GlobalSection(SolutionProperties) = preSolution
		HideSolutionNode = FALSE
	EndGlobalSection
	GlobalSection(ExtensibilityGlobals) = postSolution
		SolutionGuid = {3BD5B619-B6F2-446B-9D14-036EC14FFA12}
	EndGlobalSection
EndGlobal
